// !$*UTF8*$!
{
	archiveVersion = 1;
	classes = {
	};
	objectVersion = 56;
	objects = {

/* Begin PBXBuildFile section */
		E06AB2E82A70FFB400AF9BDB /* AppDelegate.swift in Sources */ = {isa = PBXBuildFile; fileRef = E06AB2E72A70FFB400AF9BDB /* AppDelegate.swift */; };
		E06AB2EA2A70FFB400AF9BDB /* SceneDelegate.swift in Sources */ = {isa = PBXBuildFile; fileRef = E06AB2E92A70FFB400AF9BDB /* SceneDelegate.swift */; };
		E06AB2EC2A70FFB400AF9BDB /* ViewController.swift in Sources */ = {isa = PBXBuildFile; fileRef = E06AB2EB2A70FFB400AF9BDB /* ViewController.swift */; };
		E06AB2EF2A70FFB400AF9BDB /* Main.storyboard in Resources */ = {isa = PBXBuildFile; fileRef = E06AB2ED2A70FFB400AF9BDB /* Main.storyboard */; };
		E06AB2F12A70FFB600AF9BDB /* Assets.xcassets in Resources */ = {isa = PBXBuildFile; fileRef = E06AB2F02A70FFB600AF9BDB /* Assets.xcassets */; };
		E06AB2F42A70FFB600AF9BDB /* LaunchScreen.storyboard in Resources */ = {isa = PBXBuildFile; fileRef = E06AB2F22A70FFB600AF9BDB /* LaunchScreen.storyboard */; };
		E06AB2FF2A70FFB600AF9BDB /* loginScreenTests.swift in Sources */ = {isa = PBXBuildFile; fileRef = E06AB2FE2A70FFB600AF9BDB /* loginScreenTests.swift */; };
		E06AB3092A70FFB600AF9BDB /* loginScreenUITests.swift in Sources */ = {isa = PBXBuildFile; fileRef = E06AB3082A70FFB600AF9BDB /* loginScreenUITests.swift */; };
		E06AB30B2A70FFB600AF9BDB /* loginScreenUITestsLaunchTests.swift in Sources */ = {isa = PBXBuildFile; fileRef = E06AB30A2A70FFB600AF9BDB /* loginScreenUITestsLaunchTests.swift */; };
/* End PBXBuildFile section */

/* Begin PBXContainerItemProxy section */
		E06AB2FB2A70FFB600AF9BDB /* PBXContainerItemProxy */ = {
			isa = PBXContainerItemProxy;
			containerPortal = E06AB2DC2A70FFB400AF9BDB /* Project object */;
			proxyType = 1;
			remoteGlobalIDString = E06AB2E32A70FFB400AF9BDB;
			remoteInfo = loginScreen;
		};
		E06AB3052A70FFB600AF9BDB /* PBXContainerItemProxy */ = {
			isa = PBXContainerItemProxy;
			containerPortal = E06AB2DC2A70FFB400AF9BDB /* Project object */;
			proxyType = 1;
			remoteGlobalIDString = E06AB2E32A70FFB400AF9BDB;
			remoteInfo = loginScreen;
		};
/* End PBXContainerItemProxy section */

/* Begin PBXFileReference section */
		E06AB2E42A70FFB400AF9BDB /* loginScreen.app */ = {isa = PBXFileReference; explicitFileType = wrapper.application; includeInIndex = 0; path = loginScreen.app; sourceTree = BUILT_PRODUCTS_DIR; };
		E06AB2E72A70FFB400AF9BDB /* AppDelegate.swift */ = {isa = PBXFileReference; lastKnownFileType = sourcecode.swift; path = AppDelegate.swift; sourceTree = "<group>"; };
		E06AB2E92A70FFB400AF9BDB /* SceneDelegate.swift */ = {isa = PBXFileReference; lastKnownFileType = sourcecode.swift; path = SceneDelegate.swift; sourceTree = "<group>"; };
		E06AB2EB2A70FFB400AF9BDB /* ViewController.swift */ = {isa = PBXFileReference; lastKnownFileType = sourcecode.swift; path = ViewController.swift; sourceTree = "<group>"; };
		E06AB2EE2A70FFB400AF9BDB /* Base */ = {isa = PBXFileReference; lastKnownFileType = file.storyboard; name = Base; path = Base.lproj/Main.storyboard; sourceTree = "<group>"; };
		E06AB2F02A70FFB600AF9BDB /* Assets.xcassets */ = {isa = PBXFileReference; lastKnownFileType = folder.assetcatalog; path = Assets.xcassets; sourceTree = "<group>"; };
		E06AB2F32A70FFB600AF9BDB /* Base */ = {isa = PBXFileReference; lastKnownFileType = file.storyboard; name = Base; path = Base.lproj/LaunchScreen.storyboard; sourceTree = "<group>"; };
		E06AB2F52A70FFB600AF9BDB /* Info.plist */ = {isa = PBXFileReference; lastKnownFileType = text.plist.xml; path = Info.plist; sourceTree = "<group>"; };
		E06AB2FA2A70FFB600AF9BDB /* loginScreenTests.xctest */ = {isa = PBXFileReference; explicitFileType = wrapper.cfbundle; includeInIndex = 0; path = loginScreenTests.xctest; sourceTree = BUILT_PRODUCTS_DIR; };
		E06AB2FE2A70FFB600AF9BDB /* loginScreenTests.swift */ = {isa = PBXFileReference; lastKnownFileType = sourcecode.swift; path = loginScreenTests.swift; sourceTree = "<group>"; };
		E06AB3042A70FFB600AF9BDB /* loginScreenUITests.xctest */ = {isa = PBXFileReference; explicitFileType = wrapper.cfbundle; includeInIndex = 0; path = loginScreenUITests.xctest; sourceTree = BUILT_PRODUCTS_DIR; };
		E06AB3082A70FFB600AF9BDB /* loginScreenUITests.swift */ = {isa = PBXFileReference; lastKnownFileType = sourcecode.swift; path = loginScreenUITests.swift; sourceTree = "<group>"; };
		E06AB30A2A70FFB600AF9BDB /* loginScreenUITestsLaunchTests.swift */ = {isa = PBXFileReference; lastKnownFileType = sourcecode.swift; path = loginScreenUITestsLaunchTests.swift; sourceTree = "<group>"; };
/* End PBXFileReference section */

/* Begin PBXFrameworksBuildPhase section */
		E06AB2E12A70FFB400AF9BDB /* Frameworks */ = {
			isa = PBXFrameworksBuildPhase;
			buildActionMask = 2147483647;
			files = (
			);
			runOnlyForDeploymentPostprocessing = 0;
		};
		E06AB2F72A70FFB600AF9BDB /* Frameworks */ = {
			isa = PBXFrameworksBuildPhase;
			buildActionMask = 2147483647;
			files = (
			);
			runOnlyForDeploymentPostprocessing = 0;
		};
		E06AB3012A70FFB600AF9BDB /* Frameworks */ = {
			isa = PBXFrameworksBuildPhase;
			buildActionMask = 2147483647;
			files = (
			);
			runOnlyForDeploymentPostprocessing = 0;
		};
/* End PBXFrameworksBuildPhase section */

/* Begin PBXGroup section */
		E06AB2DB2A70FFB400AF9BDB = {
			isa = PBXGroup;
			children = (
				E06AB2E62A70FFB400AF9BDB /* loginScreen */,
				E06AB2FD2A70FFB600AF9BDB /* loginScreenTests */,
				E06AB3072A70FFB600AF9BDB /* loginScreenUITests */,
				E06AB2E52A70FFB400AF9BDB /* Products */,
			);
			sourceTree = "<group>";
		};
		E06AB2E52A70FFB400AF9BDB /* Products */ = {
			isa = PBXGroup;
			children = (
				E06AB2E42A70FFB400AF9BDB /* loginScreen.app */,
				E06AB2FA2A70FFB600AF9BDB /* loginScreenTests.xctest */,
				E06AB3042A70FFB600AF9BDB /* loginScreenUITests.xctest */,
			);
			name = Products;
			sourceTree = "<group>";
		};
		E06AB2E62A70FFB400AF9BDB /* loginScreen */ = {
			isa = PBXGroup;
			children = (
				E06AB2E72A70FFB400AF9BDB /* AppDelegate.swift */,
				E06AB2E92A70FFB400AF9BDB /* SceneDelegate.swift */,
				E06AB2EB2A70FFB400AF9BDB /* ViewController.swift */,
				E06AB2ED2A70FFB400AF9BDB /* Main.storyboard */,
				E06AB2F02A70FFB600AF9BDB /* Assets.xcassets */,
				E06AB2F22A70FFB600AF9BDB /* LaunchScreen.storyboard */,
				E06AB2F52A70FFB600AF9BDB /* Info.plist */,
			);
			path = loginScreen;
			sourceTree = "<group>";
		};
		E06AB2FD2A70FFB600AF9BDB /* loginScreenTests */ = {
			isa = PBXGroup;
			children = (
				E06AB2FE2A70FFB600AF9BDB /* loginScreenTests.swift */,
			);
			path = loginScreenTests;
			sourceTree = "<group>";
		};
		E06AB3072A70FFB600AF9BDB /* loginScreenUITests */ = {
			isa = PBXGroup;
			children = (
				E06AB3082A70FFB600AF9BDB /* loginScreenUITests.swift */,
				E06AB30A2A70FFB600AF9BDB /* loginScreenUITestsLaunchTests.swift */,
			);
			path = loginScreenUITests;
			sourceTree = "<group>";
		};
/* End PBXGroup section */

/* Begin PBXNativeTarget section */
		E06AB2E32A70FFB400AF9BDB /* loginScreen */ = {
			isa = PBXNativeTarget;
			buildConfigurationList = E06AB30E2A70FFB600AF9BDB /* Build configuration list for PBXNativeTarget "loginScreen" */;
			buildPhases = (
				E06AB2E02A70FFB400AF9BDB /* Sources */,
				E06AB2E12A70FFB400AF9BDB /* Frameworks */,
				E06AB2E22A70FFB400AF9BDB /* Resources */,
			);
			buildRules = (
			);
			dependencies = (
			);
			name = loginScreen;
			productName = loginScreen;
			productReference = E06AB2E42A70FFB400AF9BDB /* loginScreen.app */;
			productType = "com.apple.product-type.application";
		};
		E06AB2F92A70FFB600AF9BDB /* loginScreenTests */ = {
			isa = PBXNativeTarget;
			buildConfigurationList = E06AB3112A70FFB600AF9BDB /* Build configuration list for PBXNativeTarget "loginScreenTests" */;
			buildPhases = (
				E06AB2F62A70FFB600AF9BDB /* Sources */,
				E06AB2F72A70FFB600AF9BDB /* Frameworks */,
				E06AB2F82A70FFB600AF9BDB /* Resources */,
			);
			buildRules = (
			);
			dependencies = (
				E06AB2FC2A70FFB600AF9BDB /* PBXTargetDependency */,
			);
			name = loginScreenTests;
			productName = loginScreenTests;
			productReference = E06AB2FA2A70FFB600AF9BDB /* loginScreenTests.xctest */;
			productType = "com.apple.product-type.bundle.unit-test";
		};
		E06AB3032A70FFB600AF9BDB /* loginScreenUITests */ = {
			isa = PBXNativeTarget;
			buildConfigurationList = E06AB3142A70FFB600AF9BDB /* Build configuration list for PBXNativeTarget "loginScreenUITests" */;
			buildPhases = (
				E06AB3002A70FFB600AF9BDB /* Sources */,
				E06AB3012A70FFB600AF9BDB /* Frameworks */,
				E06AB3022A70FFB600AF9BDB /* Resources */,
			);
			buildRules = (
			);
			dependencies = (
				E06AB3062A70FFB600AF9BDB /* PBXTargetDependency */,
			);
			name = loginScreenUITests;
			productName = loginScreenUITests;
			productReference = E06AB3042A70FFB600AF9BDB /* loginScreenUITests.xctest */;
			productType = "com.apple.product-type.bundle.ui-testing";
		};
/* End PBXNativeTarget section */

/* Begin PBXProject section */
		E06AB2DC2A70FFB400AF9BDB /* Project object */ = {
			isa = PBXProject;
			attributes = {
				BuildIndependentTargetsInParallel = 1;
				LastSwiftUpdateCheck = 1430;
				LastUpgradeCheck = 1430;
				TargetAttributes = {
					E06AB2E32A70FFB400AF9BDB = {
						CreatedOnToolsVersion = 14.3.1;
					};
					E06AB2F92A70FFB600AF9BDB = {
						CreatedOnToolsVersion = 14.3.1;
						TestTargetID = E06AB2E32A70FFB400AF9BDB;
					};
					E06AB3032A70FFB600AF9BDB = {
						CreatedOnToolsVersion = 14.3.1;
						TestTargetID = E06AB2E32A70FFB400AF9BDB;
					};
				};
			};
			buildConfigurationList = E06AB2DF2A70FFB400AF9BDB /* Build configuration list for PBXProject "loginScreen" */;
			compatibilityVersion = "Xcode 14.0";
			developmentRegion = en;
			hasScannedForEncodings = 0;
			knownRegions = (
				en,
				Base,
			);
			mainGroup = E06AB2DB2A70FFB400AF9BDB;
			productRefGroup = E06AB2E52A70FFB400AF9BDB /* Products */;
			projectDirPath = "";
			projectRoot = "";
			targets = (
				E06AB2E32A70FFB400AF9BDB /* loginScreen */,
				E06AB2F92A70FFB600AF9BDB /* loginScreenTests */,
				E06AB3032A70FFB600AF9BDB /* loginScreenUITests */,
			);
		};
/* End PBXProject section */

/* Begin PBXResourcesBuildPhase section */
		E06AB2E22A70FFB400AF9BDB /* Resources */ = {
			isa = PBXResourcesBuildPhase;
			buildActionMask = 2147483647;
			files = (
				E06AB2F42A70FFB600AF9BDB /* LaunchScreen.storyboard in Resources */,
				E06AB2F12A70FFB600AF9BDB /* Assets.xcassets in Resources */,
				E06AB2EF2A70FFB400AF9BDB /* Main.storyboard in Resources */,
			);
			runOnlyForDeploymentPostprocessing = 0;
		};
		E06AB2F82A70FFB600AF9BDB /* Resources */ = {
			isa = PBXResourcesBuildPhase;
			buildActionMask = 2147483647;
			files = (
			);
			runOnlyForDeploymentPostprocessing = 0;
		};
		E06AB3022A70FFB600AF9BDB /* Resources */ = {
			isa = PBXResourcesBuildPhase;
			buildActionMask = 2147483647;
			files = (
			);
			runOnlyForDeploymentPostprocessing = 0;
		};
/* End PBXResourcesBuildPhase section */

/* Begin PBXSourcesBuildPhase section */
		E06AB2E02A70FFB400AF9BDB /* Sources */ = {
			isa = PBXSourcesBuildPhase;
			buildActionMask = 2147483647;
			files = (
				E06AB2EC2A70FFB400AF9BDB /* ViewController.swift in Sources */,
				E06AB2E82A70FFB400AF9BDB /* AppDelegate.swift in Sources */,
				E06AB2EA2A70FFB400AF9BDB /* SceneDelegate.swift in Sources */,
			);
			runOnlyForDeploymentPostprocessing = 0;
		};
		E06AB2F62A70FFB600AF9BDB /* Sources */ = {
			isa = PBXSourcesBuildPhase;
			buildActionMask = 2147483647;
			files = (
				E06AB2FF2A70FFB600AF9BDB /* loginScreenTests.swift in Sources */,
			);
			runOnlyForDeploymentPostprocessing = 0;
		};
		E06AB3002A70FFB600AF9BDB /* Sources */ = {
			isa = PBXSourcesBuildPhase;
			buildActionMask = 2147483647;
			files = (
				E06AB30B2A70FFB600AF9BDB /* loginScreenUITestsLaunchTests.swift in Sources */,
				E06AB3092A70FFB600AF9BDB /* loginScreenUITests.swift in Sources */,
			);
			runOnlyForDeploymentPostprocessing = 0;
		};
/* End PBXSourcesBuildPhase section */

/* Begin PBXTargetDependency section */
		E06AB2FC2A70FFB600AF9BDB /* PBXTargetDependency */ = {
			isa = PBXTargetDependency;
			target = E06AB2E32A70FFB400AF9BDB /* loginScreen */;
			targetProxy = E06AB2FB2A70FFB600AF9BDB /* PBXContainerItemProxy */;
		};
		E06AB3062A70FFB600AF9BDB /* PBXTargetDependency */ = {
			isa = PBXTargetDependency;
			target = E06AB2E32A70FFB400AF9BDB /* loginScreen */;
			targetProxy = E06AB3052A70FFB600AF9BDB /* PBXContainerItemProxy */;
		};
/* End PBXTargetDependency section */

/* Begin PBXVariantGroup section */
		E06AB2ED2A70FFB400AF9BDB /* Main.storyboard */ = {
			isa = PBXVariantGroup;
			children = (
				E06AB2EE2A70FFB400AF9BDB /* Base */,
			);
			name = Main.storyboard;
			sourceTree = "<group>";
		};
		E06AB2F22A70FFB600AF9BDB /* LaunchScreen.storyboard */ = {
			isa = PBXVariantGroup;
			children = (
				E06AB2F32A70FFB600AF9BDB /* Base */,
			);
			name = LaunchScreen.storyboard;
			sourceTree = "<group>";
		};
/* End PBXVariantGroup section */

/* Begin XCBuildConfiguration section */
		E06AB30C2A70FFB600AF9BDB /* Debug */ = {
			isa = XCBuildConfiguration;
			buildSettings = {
				ALWAYS_SEARCH_USER_PATHS = NO;
				CLANG_ANALYZER_NONNULL = YES;
				CLANG_ANALYZER_NUMBER_OBJECT_CONVERSION = YES_AGGRESSIVE;
				CLANG_CXX_LANGUAGE_STANDARD = "gnu++20";
				CLANG_ENABLE_MODULES = YES;
				CLANG_ENABLE_OBJC_ARC = YES;
				CLANG_ENABLE_OBJC_WEAK = YES;
				CLANG_WARN_BLOCK_CAPTURE_AUTORELEASING = YES;
				CLANG_WARN_BOOL_CONVERSION = YES;
				CLANG_WARN_COMMA = YES;
				CLANG_WARN_CONSTANT_CONVERSION = YES;
				CLANG_WARN_DEPRECATED_OBJC_IMPLEMENTATIONS = YES;
				CLANG_WARN_DIRECT_OBJC_ISA_USAGE = YES_ERROR;
				CLANG_WARN_DOCUMENTATION_COMMENTS = YES;
				CLANG_WARN_EMPTY_BODY = YES;
				CLANG_WARN_ENUM_CONVERSION = YES;
				CLANG_WARN_INFINITE_RECURSION = YES;
				CLANG_WARN_INT_CONVERSION = YES;
				CLANG_WARN_NON_LITERAL_NULL_CONVERSION = YES;
				CLANG_WARN_OBJC_IMPLICIT_RETAIN_SELF = YES;
				CLANG_WARN_OBJC_LITERAL_CONVERSION = YES;
				CLANG_WARN_OBJC_ROOT_CLASS = YES_ERROR;
				CLANG_WARN_QUOTED_INCLUDE_IN_FRAMEWORK_HEADER = YES;
				CLANG_WARN_RANGE_LOOP_ANALYSIS = YES;
				CLANG_WARN_STRICT_PROTOTYPES = YES;
				CLANG_WARN_SUSPICIOUS_MOVE = YES;
				CLANG_WARN_UNGUARDED_AVAILABILITY = YES_AGGRESSIVE;
				CLANG_WARN_UNREACHABLE_CODE = YES;
				CLANG_WARN__DUPLICATE_METHOD_MATCH = YES;
				COPY_PHASE_STRIP = NO;
				DEBUG_INFORMATION_FORMAT = dwarf;
				ENABLE_STRICT_OBJC_MSGSEND = YES;
				ENABLE_TESTABILITY = YES;
				GCC_C_LANGUAGE_STANDARD = gnu11;
				GCC_DYNAMIC_NO_PIC = NO;
				GCC_NO_COMMON_BLOCKS = YES;
				GCC_OPTIMIZATION_LEVEL = 0;
				GCC_PREPROCESSOR_DEFINITIONS = (
					"DEBUG=1",
					"$(inherited)",
				);
				GCC_WARN_64_TO_32_BIT_CONVERSION = YES;
				GCC_WARN_ABOUT_RETURN_TYPE = YES_ERROR;
				GCC_WARN_UNDECLARED_SELECTOR = YES;
				GCC_WARN_UNINITIALIZED_AUTOS = YES_AGGRESSIVE;
				GCC_WARN_UNUSED_FUNCTION = YES;
				GCC_WARN_UNUSED_VARIABLE = YES;
				IPHONEOS_DEPLOYMENT_TARGET = 16.4;
				MTL_ENABLE_DEBUG_INFO = INCLUDE_SOURCE;
				MTL_FAST_MATH = YES;
				ONLY_ACTIVE_ARCH = YES;
				SDKROOT = iphoneos;
				SWIFT_ACTIVE_COMPILATION_CONDITIONS = DEBUG;
				SWIFT_OPTIMIZATION_LEVEL = "-Onone";
			};
			name = Debug;
		};
		E06AB30D2A70FFB600AF9BDB /* Release */ = {
			isa = XCBuildConfiguration;
			buildSettings = {
				ALWAYS_SEARCH_USER_PATHS = NO;
				CLANG_ANALYZER_NONNULL = YES;
				CLANG_ANALYZER_NUMBER_OBJECT_CONVERSION = YES_AGGRESSIVE;
				CLANG_CXX_LANGUAGE_STANDARD = "gnu++20";
				CLANG_ENABLE_MODULES = YES;
				CLANG_ENABLE_OBJC_ARC = YES;
				CLANG_ENABLE_OBJC_WEAK = YES;
				CLANG_WARN_BLOCK_CAPTURE_AUTORELEASING = YES;
				CLANG_WARN_BOOL_CONVERSION = YES;
				CLANG_WARN_COMMA = YES;
				CLANG_WARN_CONSTANT_CONVERSION = YES;
				CLANG_WARN_DEPRECATED_OBJC_IMPLEMENTATIONS = YES;
				CLANG_WARN_DIRECT_OBJC_ISA_USAGE = YES_ERROR;
				CLANG_WARN_DOCUMENTATION_COMMENTS = YES;
				CLANG_WARN_EMPTY_BODY = YES;
				CLANG_WARN_ENUM_CONVERSION = YES;
				CLANG_WARN_INFINITE_RECURSION = YES;
				CLANG_WARN_INT_CONVERSION = YES;
				CLANG_WARN_NON_LITERAL_NULL_CONVERSION = YES;
				CLANG_WARN_OBJC_IMPLICIT_RETAIN_SELF = YES;
				CLANG_WARN_OBJC_LITERAL_CONVERSION = YES;
				CLANG_WARN_OBJC_ROOT_CLASS = YES_ERROR;
				CLANG_WARN_QUOTED_INCLUDE_IN_FRAMEWORK_HEADER = YES;
				CLANG_WARN_RANGE_LOOP_ANALYSIS = YES;
				CLANG_WARN_STRICT_PROTOTYPES = YES;
				CLANG_WARN_SUSPICIOUS_MOVE = YES;
				CLANG_WARN_UNGUARDED_AVAILABILITY = YES_AGGRESSIVE;
				CLANG_WARN_UNREACHABLE_CODE = YES;
				CLANG_WARN__DUPLICATE_METHOD_MATCH = YES;
				COPY_PHASE_STRIP = NO;
				DEBUG_INFORMATION_FORMAT = "dwarf-with-dsym";
				ENABLE_NS_ASSERTIONS = NO;
				ENABLE_STRICT_OBJC_MSGSEND = YES;
				GCC_C_LANGUAGE_STANDARD = gnu11;
				GCC_NO_COMMON_BLOCKS = YES;
				GCC_WARN_64_TO_32_BIT_CONVERSION = YES;
				GCC_WARN_ABOUT_RETURN_TYPE = YES_ERROR;
				GCC_WARN_UNDECLARED_SELECTOR = YES;
				GCC_WARN_UNINITIALIZED_AUTOS = YES_AGGRESSIVE;
				GCC_WARN_UNUSED_FUNCTION = YES;
				GCC_WARN_UNUSED_VARIABLE = YES;
				IPHONEOS_DEPLOYMENT_TARGET = 16.4;
				MTL_ENABLE_DEBUG_INFO = NO;
				MTL_FAST_MATH = YES;
				SDKROOT = iphoneos;
				SWIFT_COMPILATION_MODE = wholemodule;
				SWIFT_OPTIMIZATION_LEVEL = "-O";
				VALIDATE_PRODUCT = YES;
			};
			name = Release;
		};
		E06AB30F2A70FFB600AF9BDB /* Debug */ = {
			isa = XCBuildConfiguration;
			buildSettings = {
				ASSETCATALOG_COMPILER_APPICON_NAME = AppIcon;
				ASSETCATALOG_COMPILER_GLOBAL_ACCENT_COLOR_NAME = AccentColor;
				CODE_SIGN_STYLE = Automatic;
				CURRENT_PROJECT_VERSION = 1;
				DEVELOPMENT_TEAM = SP735LY8CT;
				GENERATE_INFOPLIST_FILE = YES;
				INFOPLIST_FILE = loginScreen/Info.plist;
				INFOPLIST_KEY_UIApplicationSupportsIndirectInputEvents = YES;
				INFOPLIST_KEY_UILaunchStoryboardName = LaunchScreen;
				INFOPLIST_KEY_UIMainStoryboardFile = Main;
				INFOPLIST_KEY_UISupportedInterfaceOrientations_iPad = "UIInterfaceOrientationPortrait UIInterfaceOrientationPortraitUpsideDown UIInterfaceOrientationLandscapeLeft UIInterfaceOrientationLandscapeRight";
				INFOPLIST_KEY_UISupportedInterfaceOrientations_iPhone = "UIInterfaceOrientationPortrait UIInterfaceOrientationLandscapeLeft UIInterfaceOrientationLandscapeRight";
				LD_RUNPATH_SEARCH_PATHS = (
					"$(inherited)",
					"@executable_path/Frameworks",
				);
				MARKETING_VERSION = 1.0;
				PRODUCT_BUNDLE_IDENTIFIER = "Madhur-Bharti.loginScreen";
				PRODUCT_NAME = "$(TARGET_NAME)";
				SWIFT_EMIT_LOC_STRINGS = YES;
				SWIFT_VERSION = 5.0;
				TARGETED_DEVICE_FAMILY = "1,2";
			};
			name = Debug;
		};
		E06AB3102A70FFB600AF9BDB /* Release */ = {
			isa = XCBuildConfiguration;
			buildSettings = {
				ASSETCATALOG_COMPILER_APPICON_NAME = AppIcon;
				ASSETCATALOG_COMPILER_GLOBAL_ACCENT_COLOR_NAME = AccentColor;
				CODE_SIGN_STYLE = Automatic;
				CURRENT_PROJECT_VERSION = 1;
				DEVELOPMENT_TEAM = SP735LY8CT;
				GENERATE_INFOPLIST_FILE = YES;
				INFOPLIST_FILE = loginScreen/Info.plist;
				INFOPLIST_KEY_UIApplicationSupportsIndirectInputEvents = YES;
				INFOPLIST_KEY_UILaunchStoryboardName = LaunchScreen;
				INFOPLIST_KEY_UIMainStoryboardFile = Main;
				INFOPLIST_KEY_UISupportedInterfaceOrientations_iPad = "UIInterfaceOrientationPortrait UIInterfaceOrientationPortraitUpsideDown UIInterfaceOrientationLandscapeLeft UIInterfaceOrientationLandscapeRight";
				INFOPLIST_KEY_UISupportedInterfaceOrientations_iPhone = "UIInterfaceOrientationPortrait UIInterfaceOrientationLandscapeLeft UIInterfaceOrientationLandscapeRight";
				LD_RUNPATH_SEARCH_PATHS = (
					"$(inherited)",
					"@executable_path/Frameworks",
				);
				MARKETING_VERSION = 1.0;
				PRODUCT_BUNDLE_IDENTIFIER = "Madhur-Bharti.loginScreen";
				PRODUCT_NAME = "$(TARGET_NAME)";
				SWIFT_EMIT_LOC_STRINGS = YES;
				SWIFT_VERSION = 5.0;
				TARGETED_DEVICE_FAMILY = "1,2";
			};
			name = Release;
		};
		E06AB3122A70FFB600AF9BDB /* Debug */ = {
			isa = XCBuildConfiguration;
			buildSettings = {
				ALWAYS_EMBED_SWIFT_STANDARD_LIBRARIES = YES;
				BUNDLE_LOADER = "$(TEST_HOST)";
				CODE_SIGN_STYLE = Automatic;
				CURRENT_PROJECT_VERSION = 1;
				DEVELOPMENT_TEAM = SP735LY8CT;
				GENERATE_INFOPLIST_FILE = YES;
				IPHONEOS_DEPLOYMENT_TARGET = 16.4;
				MARKETING_VERSION = 1.0;
				PRODUCT_BUNDLE_IDENTIFIER = "Madhur-Bharti.loginScreenTests";
				PRODUCT_NAME = "$(TARGET_NAME)";
				SWIFT_EMIT_LOC_STRINGS = NO;
				SWIFT_VERSION = 5.0;
				TARGETED_DEVICE_FAMILY = "1,2";
				TEST_HOST = "$(BUILT_PRODUCTS_DIR)/loginScreen.app/$(BUNDLE_EXECUTABLE_FOLDER_PATH)/loginScreen";
			};
			name = Debug;
		};
		E06AB3132A70FFB600AF9BDB /* Release */ = {
			isa = XCBuildConfiguration;
			buildSettings = {
				ALWAYS_EMBED_SWIFT_STANDARD_LIBRARIES = YES;
				BUNDLE_LOADER = "$(TEST_HOST)";
				CODE_SIGN_STYLE = Automatic;
				CURRENT_PROJECT_VERSION = 1;
				DEVELOPMENT_TEAM = SP735LY8CT;
				GENERATE_INFOPLIST_FILE = YES;
				IPHONEOS_DEPLOYMENT_TARGET = 16.4;
				MARKETING_VERSION = 1.0;
				PRODUCT_BUNDLE_IDENTIFIER = "Madhur-Bharti.loginScreenTests";
				PRODUCT_NAME = "$(TARGET_NAME)";
				SWIFT_EMIT_LOC_STRINGS = NO;
				SWIFT_VERSION = 5.0;
				TARGETED_DEVICE_FAMILY = "1,2";
				TEST_HOST = "$(BUILT_PRODUCTS_DIR)/loginScreen.app/$(BUNDLE_EXECUTABLE_FOLDER_PATH)/loginScreen";
			};
			name = Release;
		};
		E06AB3152A70FFB600AF9BDB /* Debug */ = {
			isa = XCBuildConfiguration;
			buildSettings = {
				ALWAYS_EMBED_SWIFT_STANDARD_LIBRARIES = YES;
				CODE_SIGN_STYLE = Automatic;
				CURRENT_PROJECT_VERSION = 1;
				DEVELOPMENT_TEAM = SP735LY8CT;
				GENERATE_INFOPLIST_FILE = YES;
				MARKETING_VERSION = 1.0;
				PRODUCT_BUNDLE_IDENTIFIER = "Madhur-Bharti.loginScreenUITests";
				PRODUCT_NAME = "$(TARGET_NAME)";
				SWIFT_EMIT_LOC_STRINGS = NO;
				SWIFT_VERSION = 5.0;
				TARGETED_DEVICE_FAMILY = "1,2";
				TEST_TARGET_NAME = loginScreen;
			};
			name = Debug;
		};
		E06AB3162A70FFB600AF9BDB /* Release */ = {
			isa = XCBuildConfiguration;
			buildSettings = {
				ALWAYS_EMBED_SWIFT_STANDARD_LIBRARIES = YES;
				CODE_SIGN_STYLE = Automatic;
				CURRENT_PROJECT_VERSION = 1;
				DEVELOPMENT_TEAM = SP735LY8CT;
				GENERATE_INFOPLIST_FILE = YES;
				MARKETING_VERSION = 1.0;
				PRODUCT_BUNDLE_IDENTIFIER = "Madhur-Bharti.loginScreenUITests";
				PRODUCT_NAME = "$(TARGET_NAME)";
				SWIFT_EMIT_LOC_STRINGS = NO;
				SWIFT_VERSION = 5.0;
				TARGETED_DEVICE_FAMILY = "1,2";
				TEST_TARGET_NAME = loginScreen;
			};
			name = Release;
		};
/* End XCBuildConfiguration section */

/* Begin XCConfigurationList section */
		E06AB2DF2A70FFB400AF9BDB /* Build configuration list for PBXProject "loginScreen" */ = {
			isa = XCConfigurationList;
			buildConfigurations = (
				E06AB30C2A70FFB600AF9BDB /* Debug */,
				E06AB30D2A70FFB600AF9BDB /* Release */,
			);
			defaultConfigurationIsVisible = 0;
			defaultConfigurationName = Release;
		};
		E06AB30E2A70FFB600AF9BDB /* Build configuration list for PBXNativeTarget "loginScreen" */ = {
			isa = XCConfigurationList;
			buildConfigurations = (
				E06AB30F2A70FFB600AF9BDB /* Debug */,
				E06AB3102A70FFB600AF9BDB /* Release */,
			);
			defaultConfigurationIsVisible = 0;
			defaultConfigurationName = Release;
		};
		E06AB3112A70FFB600AF9BDB /* Build configuration list for PBXNativeTarget "loginScreenTests" */ = {
			isa = XCConfigurationList;
			buildConfigurations = (
				E06AB3122A70FFB600AF9BDB /* Debug */,
				E06AB3132A70FFB600AF9BDB /* Release */,
			);
			defaultConfigurationIsVisible = 0;
			defaultConfigurationName = Release;
		};
		E06AB3142A70FFB600AF9BDB /* Build configuration list for PBXNativeTarget "loginScreenUITests" */ = {
			isa = XCConfigurationList;
			buildConfigurations = (
				E06AB3152A70FFB600AF9BDB /* Debug */,
				E06AB3162A70FFB600AF9BDB /* Release */,
			);
			defaultConfigurationIsVisible = 0;
			defaultConfigurationName = Release;
		};
/* End XCConfigurationList section */
	};
	rootObject = E06AB2DC2A70FFB400AF9BDB /* Project object */;
}
